
Microsoft Visual Studio Solution File, Format Version 12.00
# Visual Studio Version 17
VisualStudioVersion = 17.14.36414.22 d17.14
MinimumVisualStudioVersion = 10.0.40219.1
Project("{FAE04EC0-301F-11D3-BF4B-00C04F79EFBC}") = "GameInterface", "GameInterface\GameInterface.csproj", "{6B8EC1E1-04A0-4CCB-9C06-F809FD8C5734}"
EndProject
Project("{FAE04EC0-301F-11D3-BF4B-00C04F79EFBC}") = "GameLibrary", "GameLibrary\GameLibrary.csproj", "{08FC40F1-E070-4E63-91CA-9D0FBD1D3E9E}"
EndProject
Global
	GlobalSection(SolutionConfigurationPlatforms) = preSolution
		Debug|ARM = Debug|ARM
		Debug|ARM64 = Debug|ARM64
		Debug|x64 = Debug|x64
		Debug|x86 = Debug|x86
		Release|ARM = Release|ARM
		Release|ARM64 = Release|ARM64
		Release|x64 = Release|x64
		Release|x86 = Release|x86
	EndGlobalSection
	GlobalSection(ProjectConfigurationPlatforms) = postSolution
		{6B8EC1E1-04A0-4CCB-9C06-F809FD8C5734}.Debug|ARM.ActiveCfg = Debug|ARM
		{6B8EC1E1-04A0-4CCB-9C06-F809FD8C5734}.Debug|ARM.Build.0 = Debug|ARM
		{6B8EC1E1-04A0-4CCB-9C06-F809FD8C5734}.Debug|ARM.Deploy.0 = Debug|ARM
		{6B8EC1E1-04A0-4CCB-9C06-F809FD8C5734}.Debug|ARM64.ActiveCfg = Debug|ARM64
		{6B8EC1E1-04A0-4CCB-9C06-F809FD8C5734}.Debug|ARM64.Build.0 = Debug|ARM64
		{6B8EC1E1-04A0-4CCB-9C06-F809FD8C5734}.Debug|ARM64.Deploy.0 = Debug|ARM64
		{6B8EC1E1-04A0-4CCB-9C06-F809FD8C5734}.Debug|x64.ActiveCfg = Debug|x64
		{6B8EC1E1-04A0-4CCB-9C06-F809FD8C5734}.Debug|x64.Build.0 = Debug|x64
		{6B8EC1E1-04A0-4CCB-9C06-F809FD8C5734}.Debug|x64.Deploy.0 = Debug|x64
		{6B8EC1E1-04A0-4CCB-9C06-F809FD8C5734}.Debug|x86.ActiveCfg = Debug|x86
		{6B8EC1E1-04A0-4CCB-9C06-F809FD8C5734}.Debug|x86.Build.0 = Debug|x86
		{6B8EC1E1-04A0-4CCB-9C06-F809FD8C5734}.Debug|x86.Deploy.0 = Debug|x86
		{6B8EC1E1-04A0-4CCB-9C06-F809FD8C5734}.Release|ARM.ActiveCfg = Release|ARM
		{6B8EC1E1-04A0-4CCB-9C06-F809FD8C5734}.Release|ARM.Build.0 = Release|ARM
		{6B8EC1E1-04A0-4CCB-9C06-F809FD8C5734}.Release|ARM.Deploy.0 = Release|ARM
		{6B8EC1E1-04A0-4CCB-9C06-F809FD8C5734}.Release|ARM64.ActiveCfg = Release|ARM64
		{6B8EC1E1-04A0-4CCB-9C06-F809FD8C5734}.Release|ARM64.Build.0 = Release|ARM64
		{6B8EC1E1-04A0-4CCB-9C06-F809FD8C5734}.Release|ARM64.Deploy.0 = Release|ARM64
		{6B8EC1E1-04A0-4CCB-9C06-F809FD8C5734}.Release|x64.ActiveCfg = Release|x64
		{6B8EC1E1-04A0-4CCB-9C06-F809FD8C5734}.Release|x64.Build.0 = Release|x64
		{6B8EC1E1-04A0-4CCB-9C06-F809FD8C5734}.Release|x64.Deploy.0 = Release|x64
		{6B8EC1E1-04A0-4CCB-9C06-F809FD8C5734}.Release|x86.ActiveCfg = Release|x86
		{6B8EC1E1-04A0-4CCB-9C06-F809FD8C5734}.Release|x86.Build.0 = Release|x86
		{6B8EC1E1-04A0-4CCB-9C06-F809FD8C5734}.Release|x86.Deploy.0 = Release|x86
		{08FC40F1-E070-4E63-91CA-9D0FBD1D3E9E}.Debug|ARM.ActiveCfg = Debug|ARM
		{08FC40F1-E070-4E63-91CA-9D0FBD1D3E9E}.Debug|ARM.Build.0 = Debug|ARM
		{08FC40F1-E070-4E63-91CA-9D0FBD1D3E9E}.Debug|ARM64.ActiveCfg = Debug|ARM64
		{08FC40F1-E070-4E63-91CA-9D0FBD1D3E9E}.Debug|ARM64.Build.0 = Debug|ARM64
		{08FC40F1-E070-4E63-91CA-9D0FBD1D3E9E}.Debug|x64.ActiveCfg = Debug|x64
		{08FC40F1-E070-4E63-91CA-9D0FBD1D3E9E}.Debug|x64.Build.0 = Debug|x64
		{08FC40F1-E070-4E63-91CA-9D0FBD1D3E9E}.Debug|x86.ActiveCfg = Debug|x86
		{08FC40F1-E070-4E63-91CA-9D0FBD1D3E9E}.Debug|x86.Build.0 = Debug|x86
		{08FC40F1-E070-4E63-91CA-9D0FBD1D3E9E}.Release|ARM.ActiveCfg = Release|ARM
		{08FC40F1-E070-4E63-91CA-9D0FBD1D3E9E}.Release|ARM.Build.0 = Release|ARM
		{08FC40F1-E070-4E63-91CA-9D0FBD1D3E9E}.Release|ARM64.ActiveCfg = Release|ARM64
		{08FC40F1-E070-4E63-91CA-9D0FBD1D3E9E}.Release|ARM64.Build.0 = Release|ARM64
		{08FC40F1-E070-4E63-91CA-9D0FBD1D3E9E}.Release|x64.ActiveCfg = Release|x64
		{08FC40F1-E070-4E63-91CA-9D0FBD1D3E9E}.Release|x64.Build.0 = Release|x64
		{08FC40F1-E070-4E63-91CA-9D0FBD1D3E9E}.Release|x86.ActiveCfg = Release|x86
		{08FC40F1-E070-4E63-91CA-9D0FBD1D3E9E}.Release|x86.Build.0 = Release|x86
	EndGlobalSection
	GlobalSection(SolutionProperties) = preSolution
		HideSolutionNode = FALSE
	EndGlobalSection
	GlobalSection(ExtensibilityGlobals) = postSolution
		SolutionGuid = {B8EB104A-D26A-40B7-8DAD-82A014A1B063}
	EndGlobalSection
EndGlobal
